
Microsoft Visual Studio Solution File, Format Version 12.00
Project("{FAE04EC0-301F-11D3-BF4B-00C04F79EFBC}") = "HotelKata", "HotelKata\HotelKata.csproj", "{DC181804-EE57-486F-8CB4-34FE7BF8D41A}"
EndProject
Project("{FAE04EC0-301F-11D3-BF4B-00C04F79EFBC}") = "HotelKataTests", "HotelKataTests\HotelKataTests.csproj", "{544E1116-6CD9-4139-ADD8-F756BB130810}"
EndProject
Global
	GlobalSection(SolutionConfigurationPlatforms) = preSolution
		Debug|Any CPU = Debug|Any CPU
		Release|Any CPU = Release|Any CPU
	EndGlobalSection
	GlobalSection(ProjectConfigurationPlatforms) = postSolution
		{DC181804-EE57-486F-8CB4-34FE7BF8D41A}.Debug|Any CPU.ActiveCfg = Debug|Any CPU
		{DC181804-EE57-486F-8CB4-34FE7BF8D41A}.Debug|Any CPU.Build.0 = Debug|Any CPU
		{DC181804-EE57-486F-8CB4-34FE7BF8D41A}.Release|Any CPU.ActiveCfg = Release|Any CPU
		{DC181804-EE57-486F-8CB4-34FE7BF8D41A}.Release|Any CPU.Build.0 = Release|Any CPU
		{544E1116-6CD9-4139-ADD8-F756BB130810}.Debug|Any CPU.ActiveCfg = Debug|Any CPU
		{544E1116-6CD9-4139-ADD8-F756BB130810}.Debug|Any CPU.Build.0 = Debug|Any CPU
		{544E1116-6CD9-4139-ADD8-F756BB130810}.Release|Any CPU.ActiveCfg = Release|Any CPU
		{544E1116-6CD9-4139-ADD8-F756BB130810}.Release|Any CPU.Build.0 = Release|Any CPU
	EndGlobalSection
EndGlobal
